// !$*UTF8*$!
{
	archiveVersion = 1;
	classes = {
	};
	objectVersion = 46;
	objects = {

/* Begin PBXBuildFile section */
		1C09809F6FFC52BA657544E4 /* RAObjectSignal.m in Sources */ = {isa = PBXBuildFile; fileRef = 1C0987EEEC0EBFA042757A43 /* RAObjectSignal.m */; };
		1C09811432AB93A5A7CB0B9D /* RADoubleReactor.m in Sources */ = {isa = PBXBuildFile; fileRef = 1C09813A7317CA1C3FA75B98 /* RADoubleReactor.m */; };
		1C098208A6662A006C03F021 /* RABoolValue.m in Sources */ = {isa = PBXBuildFile; fileRef = 1C098360A190DBC758165184 /* RABoolValue.m */; };
		1C0982E502252271D36254B9 /* RAIntReactor.m in Sources */ = {isa = PBXBuildFile; fileRef = 1C098994321D6DF742E24B0A /* RAIntReactor.m */; };
		1C09837BEBBA08FE8C27F904 /* RAFloatReactor.m in Sources */ = {isa = PBXBuildFile; fileRef = 1C0987D6460272893BEEBA3D /* RAFloatReactor.m */; };
		1C0986165FD78A7340559B7D /* RAConnection.m in Sources */ = {isa = PBXBuildFile; fileRef = 1C0986B581B0767A4B6AA1B6 /* RAConnection.m */; };
		1C098688B6031D5FB43641EF /* RAObjectValue.m in Sources */ = {isa = PBXBuildFile; fileRef = 1C098BA3E7B10083B5753B51 /* RAObjectValue.m */; };
		1C09875960ED220F8CDBE12C /* RAObjectReactor.m in Sources */ = {isa = PBXBuildFile; fileRef = 1C0989D9B7414BE5DDBA2F06 /* RAObjectReactor.m */; };
		1C098815243CDE07BE01BEB5 /* RAConnectionGroup.m in Sources */ = {isa = PBXBuildFile; fileRef = 1C09887C593F2EC98566D52F /* RAConnectionGroup.m */; };
		1C09881E55B9F6978682B922 /* RAStringSignal.m in Sources */ = {isa = PBXBuildFile; fileRef = 1C0983216578284BFD2C1A58 /* RAStringSignal.m */; };
		1C0989A3A6F8C4F6135AE5BF /* RADoubleValue.m in Sources */ = {isa = PBXBuildFile; fileRef = 1C0985B3360D4272A82A11B6 /* RADoubleValue.m */; };
		1C0989EE8914075CD89F5496 /* RAIntValue.m in Sources */ = {isa = PBXBuildFile; fileRef = 1C0988B0A84F4489D11D7AAE /* RAIntValue.m */; };
		1C098A064B94C85676717397 /* RABoolSignal.m in Sources */ = {isa = PBXBuildFile; fileRef = 1C098146E4C5D9578D80F067 /* RABoolSignal.m */; };
		1C098A332C858F1536DD16AE /* RABoolReactor.m in Sources */ = {isa = PBXBuildFile; fileRef = 1C09820D1CB471C9A9AE27A2 /* RABoolReactor.m */; };
		1C098AAA15A818FE5B4CC0A9 /* RAFloatSignal.m in Sources */ = {isa = PBXBuildFile; fileRef = 1C098A540E886D5CA4295BBD /* RAFloatSignal.m */; };
		1C098B155818D75038983203 /* RAStringReactor.m in Sources */ = {isa = PBXBuildFile; fileRef = 1C0989769A385DAB7719EE14 /* RAStringReactor.m */; };
		1C098B5099F219F217D01818 /* RAFloatValue.m in Sources */ = {isa = PBXBuildFile; fileRef = 1C098D620A9AF56062B3E37C /* RAFloatValue.m */; };
		1C098C988B76B88787940014 /* RAUnitSignal.m in Sources */ = {isa = PBXBuildFile; fileRef = 1C098416E33C1C55CCA5A0C4 /* RAUnitSignal.m */; };
		1C098E7C1EF14B3C833B5E24 /* RAIntSignal.m in Sources */ = {isa = PBXBuildFile; fileRef = 1C09892A65BB9AD0C342CE19 /* RAIntSignal.m */; };
		1C098F3C8D6ABF28AF8130CC /* RADoubleSignal.m in Sources */ = {isa = PBXBuildFile; fileRef = 1C0988531773D8C3629449D8 /* RADoubleSignal.m */; };
		1C098F422F4395362C97A170 /* RAStringValue.m in Sources */ = {isa = PBXBuildFile; fileRef = 1C0983326A0AF954C8A50540 /* RAStringValue.m */; };
		1C098FED982740043F422D49 /* RAReactor.m in Sources */ = {isa = PBXBuildFile; fileRef = 1C098AC67C83CDDABD72115C /* RAReactor.m */; };
		22EC51E31D01075D00A63237 /* libreact-objc.a in Frameworks */ = {isa = PBXBuildFile; fileRef = 1C098BDF6A7075893FF42E21 /* libreact-objc.a */; };
		22EC51EE1D01077800A63237 /* RASignalTest.m in Sources */ = {isa = PBXBuildFile; fileRef = 22EC51EB1D01077800A63237 /* RASignalTest.m */; };
		22EC51EF1D01077800A63237 /* RAUnitSignalTest.m in Sources */ = {isa = PBXBuildFile; fileRef = 22EC51ED1D01077800A63237 /* RAUnitSignalTest.m */; };
/* End PBXBuildFile section */

/* Begin PBXContainerItemProxy section */
		22EC51E41D01075D00A63237 /* PBXContainerItemProxy */ = {
			isa = PBXContainerItemProxy;
			containerPortal = 1C098849208EB06EEC83611B /* Project object */;
			proxyType = 1;
			remoteGlobalIDString = 1C098A7E6D20DD4F801DC7F1;
			remoteInfo = "react-objc";
		};
/* End PBXContainerItemProxy section */

/* Begin PBXCopyFilesBuildPhase section */
		1C0989ADB94C56DB171D6248 /* CopyFiles */ = {
			isa = PBXCopyFilesBuildPhase;
			buildActionMask = 2147483647;
			dstPath = "include/$(PRODUCT_NAME)";
			dstSubfolderSpec = 16;
			files = (
			);
			runOnlyForDeploymentPostprocessing = 0;
		};
/* End PBXCopyFilesBuildPhase section */

/* Begin PBXFileReference section */
		1C0980452EC368D4DBD32314 /* RABoolValue.h */ = {isa = PBXFileReference; fileEncoding = 4; lastKnownFileType = sourcecode.c.h; path = RABoolValue.h; sourceTree = "<group>"; };
		1C0980750C773E27A6C0110D /* RAStringReactor+Protected.h */ = {isa = PBXFileReference; fileEncoding = 4; lastKnownFileType = sourcecode.c.h; path = "RAStringReactor+Protected.h"; sourceTree = "<group>"; };
		1C09811E0EA7564EA65F9D37 /* Info.plist */ = {isa = PBXFileReference; fileEncoding = 4; lastKnownFileType = text.plist.info; path = Info.plist; sourceTree = "<group>"; };
		1C09813A7317CA1C3FA75B98 /* RADoubleReactor.m */ = {isa = PBXFileReference; fileEncoding = 4; lastKnownFileType = sourcecode.c.objc; path = RADoubleReactor.m; sourceTree = "<group>"; };
		1C098146E4C5D9578D80F067 /* RABoolSignal.m */ = {isa = PBXFileReference; fileEncoding = 4; lastKnownFileType = sourcecode.c.objc; path = RABoolSignal.m; sourceTree = "<group>"; };
		1C09820D1CB471C9A9AE27A2 /* RABoolReactor.m */ = {isa = PBXFileReference; fileEncoding = 4; lastKnownFileType = sourcecode.c.objc; path = RABoolReactor.m; sourceTree = "<group>"; };
		1C098286BB3C00DFF6C1E7EE /* RAObjectValue.h */ = {isa = PBXFileReference; fileEncoding = 4; lastKnownFileType = sourcecode.c.h; path = RAObjectValue.h; sourceTree = "<group>"; };
		1C0982AB39BBCAEBBFE603E7 /* RADoubleReactor.h */ = {isa = PBXFileReference; fileEncoding = 4; lastKnownFileType = sourcecode.c.h; path = RADoubleReactor.h; sourceTree = "<group>"; };
		1C0983216578284BFD2C1A58 /* RAStringSignal.m */ = {isa = PBXFileReference; fileEncoding = 4; lastKnownFileType = sourcecode.c.objc; path = RAStringSignal.m; sourceTree = "<group>"; };
		1C0983326A0AF954C8A50540 /* RAStringValue.m */ = {isa = PBXFileReference; fileEncoding = 4; lastKnownFileType = sourcecode.c.objc; path = RAStringValue.m; sourceTree = "<group>"; };
		1C098360A190DBC758165184 /* RABoolValue.m */ = {isa = PBXFileReference; fileEncoding = 4; lastKnownFileType = sourcecode.c.objc; path = RABoolValue.m; sourceTree = "<group>"; };
		1C0983A6AA2541178AE2301D /* RAObjectReactor+Protected.h */ = {isa = PBXFileReference; fileEncoding = 4; lastKnownFileType = sourcecode.c.h; path = "RAObjectReactor+Protected.h"; sourceTree = "<group>"; };
		1C0983D6D4C04F602C3203B6 /* RAIntReactor.h */ = {isa = PBXFileReference; fileEncoding = 4; lastKnownFileType = sourcecode.c.h; path = RAIntReactor.h; sourceTree = "<group>"; };
		1C098416E33C1C55CCA5A0C4 /* RAUnitSignal.m */ = {isa = PBXFileReference; fileEncoding = 4; lastKnownFileType = sourcecode.c.objc; path = RAUnitSignal.m; sourceTree = "<group>"; };
		1C09848485349F1CDC8C21CE /* RAUnitSignal.h */ = {isa = PBXFileReference; fileEncoding = 4; lastKnownFileType = sourcecode.c.h; path = RAUnitSignal.h; sourceTree = "<group>"; };
		1C0985B3360D4272A82A11B6 /* RADoubleValue.m */ = {isa = PBXFileReference; fileEncoding = 4; lastKnownFileType = sourcecode.c.objc; path = RADoubleValue.m; sourceTree = "<group>"; };
		1C0985C2211CC8E9C64A5DD0 /* React.h */ = {isa = PBXFileReference; fileEncoding = 4; lastKnownFileType = sourcecode.c.h; path = React.h; sourceTree = "<group>"; };
		1C0985CDA05395378C426660 /* RAObjectSignal.h */ = {isa = PBXFileReference; fileEncoding = 4; lastKnownFileType = sourcecode.c.h; path = RAObjectSignal.h; sourceTree = "<group>"; };
		1C0985ECBD5AE301795B27AB /* RABoolReactor.h */ = {isa = PBXFileReference; fileEncoding = 4; lastKnownFileType = sourcecode.c.h; path = RABoolReactor.h; sourceTree = "<group>"; };
		1C09868DF25AB73D2AA0446F /* RAStringValue.h */ = {isa = PBXFileReference; fileEncoding = 4; lastKnownFileType = sourcecode.c.h; path = RAStringValue.h; sourceTree = "<group>"; };
		1C098698537199E2A175E4F1 /* RABoolReactor+Protected.h */ = {isa = PBXFileReference; fileEncoding = 4; lastKnownFileType = sourcecode.c.h; path = "RABoolReactor+Protected.h"; sourceTree = "<group>"; };
		1C0986B0715A12AB07514635 /* RAConnection+Package.h */ = {isa = PBXFileReference; fileEncoding = 4; lastKnownFileType = sourcecode.c.h; path = "RAConnection+Package.h"; sourceTree = "<group>"; };
		1C0986B581B0767A4B6AA1B6 /* RAConnection.m */ = {isa = PBXFileReference; fileEncoding = 4; lastKnownFileType = sourcecode.c.objc; path = RAConnection.m; sourceTree = "<group>"; };
		1C0986EFDDE1D865D83ECCD4 /* RAFloatValue.h */ = {isa = PBXFileReference; fileEncoding = 4; lastKnownFileType = sourcecode.c.h; path = RAFloatValue.h; sourceTree = "<group>"; };
		1C09870F9DEDBACCCED9B0D4 /* RAReactor+Protected.h */ = {isa = PBXFileReference; fileEncoding = 4; lastKnownFileType = sourcecode.c.h; path = "RAReactor+Protected.h"; sourceTree = "<group>"; };
		1C09876B9E75033208DA29F3 /* RAFuture+Protected.h */ = {isa = PBXFileReference; fileEncoding = 4; lastKnownFileType = sourcecode.c.h; path = "RAFuture+Protected.h"; sourceTree = "<group>"; };
		1C0987A071C0B53583BD66BA /* RAStringSignal.h */ = {isa = PBXFileReference; fileEncoding = 4; lastKnownFileType = sourcecode.c.h; path = RAStringSignal.h; sourceTree = "<group>"; };
		1C0987AD3B09626D6B5AB8B5 /* RAIntReactor+Protected.h */ = {isa = PBXFileReference; fileEncoding = 4; lastKnownFileType = sourcecode.c.h; path = "RAIntReactor+Protected.h"; sourceTree = "<group>"; };
		1C0987D6460272893BEEBA3D /* RAFloatReactor.m */ = {isa = PBXFileReference; fileEncoding = 4; lastKnownFileType = sourcecode.c.objc; path = RAFloatReactor.m; sourceTree = "<group>"; };
		1C0987EEEC0EBFA042757A43 /* RAObjectSignal.m */ = {isa = PBXFileReference; fileEncoding = 4; lastKnownFileType = sourcecode.c.objc; path = RAObjectSignal.m; sourceTree = "<group>"; };
		1C0987FF4EBD54B6584C679C /* RAIntSignal.h */ = {isa = PBXFileReference; fileEncoding = 4; lastKnownFileType = sourcecode.c.h; path = RAIntSignal.h; sourceTree = "<group>"; };
		1C09880E9B176D8B564F701A /* RADoubleValue.h */ = {isa = PBXFileReference; fileEncoding = 4; lastKnownFileType = sourcecode.c.h; path = RADoubleValue.h; sourceTree = "<group>"; };
		1C0988447F42BCDCFA782C23 /* RAReactor.h */ = {isa = PBXFileReference; fileEncoding = 4; lastKnownFileType = sourcecode.c.h; path = RAReactor.h; sourceTree = "<group>"; };
		1C0988531773D8C3629449D8 /* RADoubleSignal.m */ = {isa = PBXFileReference; fileEncoding = 4; lastKnownFileType = sourcecode.c.objc; path = RADoubleSignal.m; sourceTree = "<group>"; };
		1C09887C593F2EC98566D52F /* RAConnectionGroup.m */ = {isa = PBXFileReference; fileEncoding = 4; lastKnownFileType = sourcecode.c.objc; path = RAConnectionGroup.m; sourceTree = "<group>"; };
		1C09888F4B3B6C17B40DCE22 /* RAIntValue.h */ = {isa = PBXFileReference; fileEncoding = 4; lastKnownFileType = sourcecode.c.h; path = RAIntValue.h; sourceTree = "<group>"; };
		1C0988B0A84F4489D11D7AAE /* RAIntValue.m */ = {isa = PBXFileReference; fileEncoding = 4; lastKnownFileType = sourcecode.c.objc; path = RAIntValue.m; sourceTree = "<group>"; };
		1C09892A65BB9AD0C342CE19 /* RAIntSignal.m */ = {isa = PBXFileReference; fileEncoding = 4; lastKnownFileType = sourcecode.c.objc; path = RAIntSignal.m; sourceTree = "<group>"; };
		1C0989769A385DAB7719EE14 /* RAStringReactor.m */ = {isa = PBXFileReference; fileEncoding = 4; lastKnownFileType = sourcecode.c.objc; path = RAStringReactor.m; sourceTree = "<group>"; };
		1C098994321D6DF742E24B0A /* RAIntReactor.m */ = {isa = PBXFileReference; fileEncoding = 4; lastKnownFileType = sourcecode.c.objc; path = RAIntReactor.m; sourceTree = "<group>"; };
		1C0989D9B7414BE5DDBA2F06 /* RAObjectReactor.m */ = {isa = PBXFileReference; fileEncoding = 4; lastKnownFileType = sourcecode.c.objc; path = RAObjectReactor.m; sourceTree = "<group>"; };
		1C098A540E886D5CA4295BBD /* RAFloatSignal.m */ = {isa = PBXFileReference; fileEncoding = 4; lastKnownFileType = sourcecode.c.objc; path = RAFloatSignal.m; sourceTree = "<group>"; };
		1C098A7CD6DEB71B7846978F /* RAConnection.h */ = {isa = PBXFileReference; fileEncoding = 4; lastKnownFileType = sourcecode.c.h; path = RAConnection.h; sourceTree = "<group>"; };
		1C098AC67C83CDDABD72115C /* RAReactor.m */ = {isa = PBXFileReference; fileEncoding = 4; lastKnownFileType = sourcecode.c.objc; path = RAReactor.m; sourceTree = "<group>"; };
		1C098ACC5B8C6168EE36332A /* RAFloatSignal.h */ = {isa = PBXFileReference; fileEncoding = 4; lastKnownFileType = sourcecode.c.h; path = RAFloatSignal.h; sourceTree = "<group>"; };
		1C098BA3E7B10083B5753B51 /* RAObjectValue.m */ = {isa = PBXFileReference; fileEncoding = 4; lastKnownFileType = sourcecode.c.objc; path = RAObjectValue.m; sourceTree = "<group>"; };
		1C098BDF6A7075893FF42E21 /* libreact-objc.a */ = {isa = PBXFileReference; explicitFileType = archive.ar; includeInIndex = 0; path = "libreact-objc.a"; sourceTree = BUILT_PRODUCTS_DIR; };
		1C098BEBC6AF757509CD3B19 /* RAFloatReactor.h */ = {isa = PBXFileReference; fileEncoding = 4; lastKnownFileType = sourcecode.c.h; path = RAFloatReactor.h; sourceTree = "<group>"; };
		1C098C12B197AA10EFEFEB7A /* RAObjectReactor.h */ = {isa = PBXFileReference; fileEncoding = 4; lastKnownFileType = sourcecode.c.h; path = RAObjectReactor.h; sourceTree = "<group>"; };
		1C098C672F6316577B68B3CC /* RABoolSignal.h */ = {isa = PBXFileReference; fileEncoding = 4; lastKnownFileType = sourcecode.c.h; path = RABoolSignal.h; sourceTree = "<group>"; };
		1C098D3787DC7CB93C6BCB0C /* RAConnectionGroup.h */ = {isa = PBXFileReference; fileEncoding = 4; lastKnownFileType = sourcecode.c.h; path = RAConnectionGroup.h; sourceTree = "<group>"; };
		1C098D620A9AF56062B3E37C /* RAFloatValue.m */ = {isa = PBXFileReference; fileEncoding = 4; lastKnownFileType = sourcecode.c.objc; path = RAFloatValue.m; sourceTree = "<group>"; };
		1C098E1BF54F36FFC3D6CE3D /* RADefs.h */ = {isa = PBXFileReference; fileEncoding = 4; lastKnownFileType = sourcecode.c.h; path = RADefs.h; sourceTree = "<group>"; };
		1C098E92F6BD9D2FF2990E3B /* RAFloatReactor+Protected.h */ = {isa = PBXFileReference; fileEncoding = 4; lastKnownFileType = sourcecode.c.h; path = "RAFloatReactor+Protected.h"; sourceTree = "<group>"; };
		1C098F000B04F0EE4A17279F /* RADoubleSignal.h */ = {isa = PBXFileReference; fileEncoding = 4; lastKnownFileType = sourcecode.c.h; path = RADoubleSignal.h; sourceTree = "<group>"; };
		1C098F74610738AE2DF1092B /* RAStringReactor.h */ = {isa = PBXFileReference; fileEncoding = 4; lastKnownFileType = sourcecode.c.h; path = RAStringReactor.h; sourceTree = "<group>"; };
		1C098F87A4E34C9526055683 /* RADoubleReactor+Protected.h */ = {isa = PBXFileReference; fileEncoding = 4; lastKnownFileType = sourcecode.c.h; path = "RADoubleReactor+Protected.h"; sourceTree = "<group>"; };
		22EC51DE1D01075D00A63237 /* react-tests.xctest */ = {isa = PBXFileReference; explicitFileType = wrapper.cfbundle; includeInIndex = 0; path = "react-tests.xctest"; sourceTree = BUILT_PRODUCTS_DIR; };
		22EC51EB1D01077800A63237 /* RASignalTest.m */ = {isa = PBXFileReference; fileEncoding = 4; lastKnownFileType = sourcecode.c.objc; path = RASignalTest.m; sourceTree = "<group>"; };
		22EC51ED1D01077800A63237 /* RAUnitSignalTest.m */ = {isa = PBXFileReference; fileEncoding = 4; lastKnownFileType = sourcecode.c.objc; path = RAUnitSignalTest.m; sourceTree = "<group>"; };
/* End PBXFileReference section */

/* Begin PBXFrameworksBuildPhase section */
		1C0984DB1BBD05B70F221905 /* Frameworks */ = {
			isa = PBXFrameworksBuildPhase;
			buildActionMask = 2147483647;
			files = (
			);
			runOnlyForDeploymentPostprocessing = 0;
		};
		22EC51DB1D01075D00A63237 /* Frameworks */ = {
			isa = PBXFrameworksBuildPhase;
			buildActionMask = 2147483647;
			files = (
				22EC51E31D01075D00A63237 /* libreact-objc.a in Frameworks */,
			);
			runOnlyForDeploymentPostprocessing = 0;
		};
/* End PBXFrameworksBuildPhase section */

/* Begin PBXGroup section */
		1C09860EF9E30A99062868FD /* src */ = {
			isa = PBXGroup;
			children = (
				1C0985C2211CC8E9C64A5DD0 /* React.h */,
				1C098E1BF54F36FFC3D6CE3D /* RADefs.h */,
				1C09888F4B3B6C17B40DCE22 /* RAIntValue.h */,
				1C0988B0A84F4489D11D7AAE /* RAIntValue.m */,
				1C0980452EC368D4DBD32314 /* RABoolValue.h */,
				1C098360A190DBC758165184 /* RABoolValue.m */,
				1C0987FF4EBD54B6584C679C /* RAIntSignal.h */,
				1C09892A65BB9AD0C342CE19 /* RAIntSignal.m */,
				1C098C672F6316577B68B3CC /* RABoolSignal.h */,
				1C098146E4C5D9578D80F067 /* RABoolSignal.m */,
				1C098A7CD6DEB71B7846978F /* RAConnection.h */,
				1C0986EFDDE1D865D83ECCD4 /* RAFloatValue.h */,
				1C098D620A9AF56062B3E37C /* RAFloatValue.m */,
				1C09848485349F1CDC8C21CE /* RAUnitSignal.h */,
				1C098416E33C1C55CCA5A0C4 /* RAUnitSignal.m */,
				1C09880E9B176D8B564F701A /* RADoubleValue.h */,
				1C0985B3360D4272A82A11B6 /* RADoubleValue.m */,
				1C098ACC5B8C6168EE36332A /* RAFloatSignal.h */,
				1C098A540E886D5CA4295BBD /* RAFloatSignal.m */,
				1C098286BB3C00DFF6C1E7EE /* RAObjectValue.h */,
				1C098BA3E7B10083B5753B51 /* RAObjectValue.m */,
				1C09868DF25AB73D2AA0446F /* RAStringValue.h */,
				1C0983326A0AF954C8A50540 /* RAStringValue.m */,
				1C098F000B04F0EE4A17279F /* RADoubleSignal.h */,
				1C0988531773D8C3629449D8 /* RADoubleSignal.m */,
				1C0985CDA05395378C426660 /* RAObjectSignal.h */,
				1C0987EEEC0EBFA042757A43 /* RAObjectSignal.m */,
				1C0987A071C0B53583BD66BA /* RAStringSignal.h */,
				1C0983216578284BFD2C1A58 /* RAStringSignal.m */,
				1C098D3787DC7CB93C6BCB0C /* RAConnectionGroup.h */,
				1C09887C593F2EC98566D52F /* RAConnectionGroup.m */,
				1C0989FC538B47AED04613D5 /* internal */,
			);
			path = src;
			sourceTree = "<group>";
		};
		1C0988912F34F6271AC84AFF = {
			isa = PBXGroup;
			children = (
				22EC51E91D01077800A63237 /* test */,
				1C098AC6891CB7C597280475 /* Products */,
				1C09860EF9E30A99062868FD /* src */,
			);
			sourceTree = "<group>";
		};
		1C0989FC538B47AED04613D5 /* internal */ = {
			isa = PBXGroup;
			children = (
				1C0988447F42BCDCFA782C23 /* RAReactor.h */,
				1C0986B0715A12AB07514635 /* RAConnection+Package.h */,
				1C098C12B197AA10EFEFEB7A /* RAObjectReactor.h */,
				1C0982AB39BBCAEBBFE603E7 /* RADoubleReactor.h */,
				1C09870F9DEDBACCCED9B0D4 /* RAReactor+Protected.h */,
				1C0987D6460272893BEEBA3D /* RAFloatReactor.m */,
				1C0985ECBD5AE301795B27AB /* RABoolReactor.h */,
				1C098F74610738AE2DF1092B /* RAStringReactor.h */,
				1C09820D1CB471C9A9AE27A2 /* RABoolReactor.m */,
				1C0989D9B7414BE5DDBA2F06 /* RAObjectReactor.m */,
				1C0983A6AA2541178AE2301D /* RAObjectReactor+Protected.h */,
				1C098AC67C83CDDABD72115C /* RAReactor.m */,
				1C098E92F6BD9D2FF2990E3B /* RAFloatReactor+Protected.h */,
				1C0987AD3B09626D6B5AB8B5 /* RAIntReactor+Protected.h */,
				1C0983D6D4C04F602C3203B6 /* RAIntReactor.h */,
				1C09813A7317CA1C3FA75B98 /* RADoubleReactor.m */,
				1C098BEBC6AF757509CD3B19 /* RAFloatReactor.h */,
				1C098F87A4E34C9526055683 /* RADoubleReactor+Protected.h */,
				1C0980750C773E27A6C0110D /* RAStringReactor+Protected.h */,
				1C0989769A385DAB7719EE14 /* RAStringReactor.m */,
				1C0986B581B0767A4B6AA1B6 /* RAConnection.m */,
				1C098698537199E2A175E4F1 /* RABoolReactor+Protected.h */,
				1C098994321D6DF742E24B0A /* RAIntReactor.m */,
				1C09876B9E75033208DA29F3 /* RAFuture+Protected.h */,
			);
			path = internal;
			sourceTree = "<group>";
		};
		1C098AC6891CB7C597280475 /* Products */ = {
			isa = PBXGroup;
			children = (
				1C098BDF6A7075893FF42E21 /* libreact-objc.a */,
				22EC51DE1D01075D00A63237 /* react-tests.xctest */,
			);
			name = Products;
			sourceTree = "<group>";
		};
		22EC51E91D01077800A63237 /* test */ = {
			isa = PBXGroup;
			children = (
				22EC51EB1D01077800A63237 /* RASignalTest.m */,
				22EC51ED1D01077800A63237 /* RAUnitSignalTest.m */,
				1C09811E0EA7564EA65F9D37 /* Info.plist */,
			);
			path = test;
			sourceTree = "<group>";
		};
/* End PBXGroup section */

/* Begin PBXNativeTarget section */
		1C098A7E6D20DD4F801DC7F1 /* react-objc */ = {
			isa = PBXNativeTarget;
			buildConfigurationList = 1C0980228799E86D9FEBACF9 /* Build configuration list for PBXNativeTarget "react-objc" */;
			buildPhases = (
				1C098A3C324BE81D1BC7815D /* Sources */,
				1C0984DB1BBD05B70F221905 /* Frameworks */,
				1C0989ADB94C56DB171D6248 /* CopyFiles */,
			);
			buildRules = (
			);
			dependencies = (
			);
			name = "react-objc";
			productName = "react-objc";
			productReference = 1C098BDF6A7075893FF42E21 /* libreact-objc.a */;
			productType = "com.apple.product-type.library.static";
		};
		22EC51DD1D01075D00A63237 /* react-tests */ = {
			isa = PBXNativeTarget;
			buildConfigurationList = 22EC51E81D01075D00A63237 /* Build configuration list for PBXNativeTarget "react-tests" */;
			buildPhases = (
				22EC51DA1D01075D00A63237 /* Sources */,
				22EC51DB1D01075D00A63237 /* Frameworks */,
				22EC51DC1D01075D00A63237 /* Resources */,
			);
			buildRules = (
			);
			dependencies = (
				22EC51E51D01075D00A63237 /* PBXTargetDependency */,
			);
			name = "react-tests";
			productName = "react-tests";
			productReference = 22EC51DE1D01075D00A63237 /* react-tests.xctest */;
			productType = "com.apple.product-type.bundle.unit-test";
		};
/* End PBXNativeTarget section */

/* Begin PBXProject section */
		1C098849208EB06EEC83611B /* Project object */ = {
			isa = PBXProject;
			attributes = {
				ORGANIZATIONNAME = "Tim Conkling";
				TargetAttributes = {
					22EC51DD1D01075D00A63237 = {
						CreatedOnToolsVersion = 7.3.1;
					};
				};
			};
			buildConfigurationList = 1C098187F0E9DC781754BF92 /* Build configuration list for PBXProject "react-objc" */;
			compatibilityVersion = "Xcode 3.2";
			developmentRegion = English;
			hasScannedForEncodings = 0;
			knownRegions = (
				en,
			);
			mainGroup = 1C0988912F34F6271AC84AFF;
			productRefGroup = 1C098AC6891CB7C597280475 /* Products */;
			projectDirPath = "";
			projectRoot = "";
			targets = (
				1C098A7E6D20DD4F801DC7F1 /* react-objc */,
				22EC51DD1D01075D00A63237 /* react-tests */,
			);
		};
/* End PBXProject section */

/* Begin PBXResourcesBuildPhase section */
		22EC51DC1D01075D00A63237 /* Resources */ = {
			isa = PBXResourcesBuildPhase;
			buildActionMask = 2147483647;
			files = (
			);
			runOnlyForDeploymentPostprocessing = 0;
		};
/* End PBXResourcesBuildPhase section */

/* Begin PBXSourcesBuildPhase section */
		1C098A3C324BE81D1BC7815D /* Sources */ = {
			isa = PBXSourcesBuildPhase;
			buildActionMask = 2147483647;
			files = (
				1C0989EE8914075CD89F5496 /* RAIntValue.m in Sources */,
				1C098208A6662A006C03F021 /* RABoolValue.m in Sources */,
				1C098E7C1EF14B3C833B5E24 /* RAIntSignal.m in Sources */,
				1C098A064B94C85676717397 /* RABoolSignal.m in Sources */,
				1C098B5099F219F217D01818 /* RAFloatValue.m in Sources */,
				1C098C988B76B88787940014 /* RAUnitSignal.m in Sources */,
				1C0989A3A6F8C4F6135AE5BF /* RADoubleValue.m in Sources */,
				1C098AAA15A818FE5B4CC0A9 /* RAFloatSignal.m in Sources */,
				1C098688B6031D5FB43641EF /* RAObjectValue.m in Sources */,
				1C098F422F4395362C97A170 /* RAStringValue.m in Sources */,
				1C098F3C8D6ABF28AF8130CC /* RADoubleSignal.m in Sources */,
				1C09809F6FFC52BA657544E4 /* RAObjectSignal.m in Sources */,
				1C09881E55B9F6978682B922 /* RAStringSignal.m in Sources */,
				1C098815243CDE07BE01BEB5 /* RAConnectionGroup.m in Sources */,
				1C09837BEBBA08FE8C27F904 /* RAFloatReactor.m in Sources */,
				1C098A332C858F1536DD16AE /* RABoolReactor.m in Sources */,
				1C09875960ED220F8CDBE12C /* RAObjectReactor.m in Sources */,
				1C098FED982740043F422D49 /* RAReactor.m in Sources */,
				1C09811432AB93A5A7CB0B9D /* RADoubleReactor.m in Sources */,
				1C098B155818D75038983203 /* RAStringReactor.m in Sources */,
				1C0986165FD78A7340559B7D /* RAConnection.m in Sources */,
				1C0982E502252271D36254B9 /* RAIntReactor.m in Sources */,
			);
			runOnlyForDeploymentPostprocessing = 0;
		};
		22EC51DA1D01075D00A63237 /* Sources */ = {
			isa = PBXSourcesBuildPhase;
			buildActionMask = 2147483647;
			files = (
				22EC51EE1D01077800A63237 /* RASignalTest.m in Sources */,
				22EC51EF1D01077800A63237 /* RAUnitSignalTest.m in Sources */,
			);
			runOnlyForDeploymentPostprocessing = 0;
		};
/* End PBXSourcesBuildPhase section */

/* Begin PBXTargetDependency section */
		22EC51E51D01075D00A63237 /* PBXTargetDependency */ = {
			isa = PBXTargetDependency;
			target = 1C098A7E6D20DD4F801DC7F1 /* react-objc */;
			targetProxy = 22EC51E41D01075D00A63237 /* PBXContainerItemProxy */;
		};
/* End PBXTargetDependency section */

/* Begin XCBuildConfiguration section */
		1C098059112D589E0BD85812 /* Release */ = {
			isa = XCBuildConfiguration;
			buildSettings = {
				OTHER_LDFLAGS = "-ObjC";
				PRODUCT_NAME = "$(TARGET_NAME)";
				SKIP_INSTALL = YES;
			};
			name = Release;
		};
		1C09860DFA7D16C2E5A3BBD2 /* Debug */ = {
			isa = XCBuildConfiguration;
			buildSettings = {
				OTHER_LDFLAGS = "-ObjC";
				PRODUCT_NAME = "$(TARGET_NAME)";
				SKIP_INSTALL = YES;
			};
			name = Debug;
		};
		1C0988FDDE5BA0727D1F7CCB /* Release */ = {
			isa = XCBuildConfiguration;
			buildSettings = {
				ALWAYS_SEARCH_USER_PATHS = NO;
				CLANG_ANALYZER_NONNULL = YES;
				CLANG_CXX_LANGUAGE_STANDARD = "gnu++0x";
				CLANG_CXX_LIBRARY = "libc++";
				CLANG_ENABLE_MODULES = YES;
				CLANG_ENABLE_OBJC_ARC = YES;
				CLANG_WARN_BOOL_CONVERSION = YES;
				CLANG_WARN_CONSTANT_CONVERSION = YES;
				CLANG_WARN_DIRECT_OBJC_ISA_USAGE = YES_ERROR;
				CLANG_WARN_EMPTY_BODY = YES;
				CLANG_WARN_ENUM_CONVERSION = YES;
				CLANG_WARN_INT_CONVERSION = YES;
				CLANG_WARN_OBJC_ROOT_CLASS = YES_ERROR;
				CLANG_WARN_UNREACHABLE_CODE = YES;
				CLANG_WARN__DUPLICATE_METHOD_MATCH = YES;
				"CODE_SIGN_IDENTITY[sdk=iphoneos*]" = "iPhone Developer";
				COPY_PHASE_STRIP = NO;
				DEBUG_INFORMATION_FORMAT = "dwarf-with-dsym";
				ENABLE_NS_ASSERTIONS = NO;
				ENABLE_STRICT_OBJC_MSGSEND = YES;
				GCC_C_LANGUAGE_STANDARD = gnu99;
				GCC_NO_COMMON_BLOCKS = YES;
				GCC_WARN_64_TO_32_BIT_CONVERSION = YES;
				GCC_WARN_ABOUT_RETURN_TYPE = YES_ERROR;
				GCC_WARN_UNDECLARED_SELECTOR = YES;
				GCC_WARN_UNINITIALIZED_AUTOS = YES_AGGRESSIVE;
				GCC_WARN_UNUSED_FUNCTION = YES;
				GCC_WARN_UNUSED_VARIABLE = YES;
				IPHONEOS_DEPLOYMENT_TARGET = 9.3;
				MTL_ENABLE_DEBUG_INFO = NO;
				SDKROOT = iphoneos;
				VALIDATE_PRODUCT = YES;
			};
			name = Release;
		};
		1C098B2A7B7A5E03CC6D43D5 /* Debug */ = {
			isa = XCBuildConfiguration;
			buildSettings = {
				ALWAYS_SEARCH_USER_PATHS = NO;
				CLANG_ANALYZER_NONNULL = YES;
				CLANG_CXX_LANGUAGE_STANDARD = "gnu++0x";
				CLANG_CXX_LIBRARY = "libc++";
				CLANG_ENABLE_MODULES = YES;
				CLANG_ENABLE_OBJC_ARC = YES;
				CLANG_WARN_BOOL_CONVERSION = YES;
				CLANG_WARN_CONSTANT_CONVERSION = YES;
				CLANG_WARN_DIRECT_OBJC_ISA_USAGE = YES_ERROR;
				CLANG_WARN_EMPTY_BODY = YES;
				CLANG_WARN_ENUM_CONVERSION = YES;
				CLANG_WARN_INT_CONVERSION = YES;
				CLANG_WARN_OBJC_ROOT_CLASS = YES_ERROR;
				CLANG_WARN_UNREACHABLE_CODE = YES;
				CLANG_WARN__DUPLICATE_METHOD_MATCH = YES;
				"CODE_SIGN_IDENTITY[sdk=iphoneos*]" = "iPhone Developer";
				COPY_PHASE_STRIP = NO;
				DEBUG_INFORMATION_FORMAT = dwarf;
				ENABLE_STRICT_OBJC_MSGSEND = YES;
				ENABLE_TESTABILITY = YES;
				GCC_C_LANGUAGE_STANDARD = gnu99;
				GCC_DYNAMIC_NO_PIC = NO;
				GCC_NO_COMMON_BLOCKS = YES;
				GCC_OPTIMIZATION_LEVEL = 0;
				GCC_PREPROCESSOR_DEFINITIONS = (
					"DEBUG=1",
					"$(inherited)",
				);
				GCC_WARN_64_TO_32_BIT_CONVERSION = YES;
				GCC_WARN_ABOUT_RETURN_TYPE = YES_ERROR;
				GCC_WARN_UNDECLARED_SELECTOR = YES;
				GCC_WARN_UNINITIALIZED_AUTOS = YES_AGGRESSIVE;
				GCC_WARN_UNUSED_FUNCTION = YES;
				GCC_WARN_UNUSED_VARIABLE = YES;
				IPHONEOS_DEPLOYMENT_TARGET = 9.3;
				MTL_ENABLE_DEBUG_INFO = YES;
				ONLY_ACTIVE_ARCH = YES;
				SDKROOT = iphoneos;
			};
			name = Debug;
		};
		22EC51E61D01075D00A63237 /* Debug */ = {
			isa = XCBuildConfiguration;
			buildSettings = {
				INFOPLIST_FILE = test/Info.plist;
				LD_RUNPATH_SEARCH_PATHS = "$(inherited) @executable_path/Frameworks @loader_path/Frameworks";
				PRODUCT_BUNDLE_IDENTIFIER = "timconkling.react-tests";
				PRODUCT_NAME = "$(TARGET_NAME)";
			};
			name = Debug;
		};
		22EC51E71D01075D00A63237 /* Release */ = {
			isa = XCBuildConfiguration;
			buildSettings = {
				INFOPLIST_FILE = test/Info.plist;
				LD_RUNPATH_SEARCH_PATHS = "$(inherited) @executable_path/Frameworks @loader_path/Frameworks";
				PRODUCT_BUNDLE_IDENTIFIER = "timconkling.react-tests";
				PRODUCT_NAME = "$(TARGET_NAME)";
			};
			name = Release;
		};
/* End XCBuildConfiguration section */

/* Begin XCConfigurationList section */
		1C0980228799E86D9FEBACF9 /* Build configuration list for PBXNativeTarget "react-objc" */ = {
			isa = XCConfigurationList;
			buildConfigurations = (
				1C09860DFA7D16C2E5A3BBD2 /* Debug */,
				1C098059112D589E0BD85812 /* Release */,
			);
			defaultConfigurationIsVisible = 0;
			defaultConfigurationName = Release;
		};
		1C098187F0E9DC781754BF92 /* Build configuration list for PBXProject "react-objc" */ = {
			isa = XCConfigurationList;
			buildConfigurations = (
				1C098B2A7B7A5E03CC6D43D5 /* Debug */,
				1C0988FDDE5BA0727D1F7CCB /* Release */,
			);
			defaultConfigurationIsVisible = 0;
			defaultConfigurationName = Release;
		};
		22EC51E81D01075D00A63237 /* Build configuration list for PBXNativeTarget "react-tests" */ = {
			isa = XCConfigurationList;
			buildConfigurations = (
				22EC51E61D01075D00A63237 /* Debug */,
				22EC51E71D01075D00A63237 /* Release */,
			);
			defaultConfigurationIsVisible = 0;
			defaultConfigurationName = Release;
		};
/* End XCConfigurationList section */
	};
	rootObject = 1C098849208EB06EEC83611B /* Project object */;
}
